// !$*UTF8*$!
{
	archiveVersion = 1;
	classes = {
	};
	objectVersion = 50;
	objects = {

/* Begin PBXBuildFile section */
		B528A66E21BF3AD0002B3272 /* icon_tp_setPhotoGallery.png in Resources */ = {isa = PBXBuildFile; fileRef = B528A66D21BF3AD0002B3272 /* icon_tp_setPhotoGallery.png */; };
		B528A67121C08838002B3272 /* ViewController+Helper.swift in Sources */ = {isa = PBXBuildFile; fileRef = B528A67021C08838002B3272 /* ViewController+Helper.swift */; };
		B528A67321C08EA2002B3272 /* CoreDataStack.swift in Sources */ = {isa = PBXBuildFile; fileRef = B528A67221C08EA2002B3272 /* CoreDataStack.swift */; };
		B528A67621C32C4F002B3272 /* PhotoViewCell.swift in Sources */ = {isa = PBXBuildFile; fileRef = B528A67521C32C4F002B3272 /* PhotoViewCell.swift */; };
		B528A67821C32CBD002B3272 /* PhotoAlbumViewController.swift in Sources */ = {isa = PBXBuildFile; fileRef = B528A67721C32CBD002B3272 /* PhotoAlbumViewController.swift */; };
		B528A67A21C32F1A002B3272 /* PhotosParser.swift in Sources */ = {isa = PBXBuildFile; fileRef = B528A67921C32F1A002B3272 /* PhotosParser.swift */; };
		B528A67C21C33018002B3272 /* Client.swift in Sources */ = {isa = PBXBuildFile; fileRef = B528A67B21C33018002B3272 /* Client.swift */; };
		B528A67E21C33083002B3272 /* Client+Extension.swift in Sources */ = {isa = PBXBuildFile; fileRef = B528A67D21C33083002B3272 /* Client+Extension.swift */; };
		B528A68021C33347002B3272 /* PhotoAlbumViewController+Extension.swift in Sources */ = {isa = PBXBuildFile; fileRef = B528A67F21C33347002B3272 /* PhotoAlbumViewController+Extension.swift */; };
		B528A68221C33949002B3272 /* tpStructures.swift in Sources */ = {isa = PBXBuildFile; fileRef = B528A68121C33949002B3272 /* tpStructures.swift */; };
		B528A68421C402C2002B3272 /* TPValidations.swift in Sources */ = {isa = PBXBuildFile; fileRef = B528A68321C402C2002B3272 /* TPValidations.swift */; };
		B528A68821C46DAF002B3272 /* icon_tp_forest.png in Resources */ = {isa = PBXBuildFile; fileRef = B528A68721C46DAE002B3272 /* icon_tp_forest.png */; };
		B528A68A21C46E09002B3272 /* icon_tp_beach.png in Resources */ = {isa = PBXBuildFile; fileRef = B528A68921C46E09002B3272 /* icon_tp_beach.png */; };
		B528A68C21C46E30002B3272 /* icon_tp_mountain.png in Resources */ = {isa = PBXBuildFile; fileRef = B528A68B21C46E30002B3272 /* icon_tp_mountain.png */; };
		B528A68E21C47151002B3272 /* icon_tp_lake.png in Resources */ = {isa = PBXBuildFile; fileRef = B528A68D21C47151002B3272 /* icon_tp_lake.png */; };
		B528A69021C485A6002B3272 /* icon_tp_trash.png in Resources */ = {isa = PBXBuildFile; fileRef = B528A68F21C485A6002B3272 /* icon_tp_trash.png */; };
		B58CF15D21B867CB00854D40 /* AppDelegate.swift in Sources */ = {isa = PBXBuildFile; fileRef = B58CF15C21B867CB00854D40 /* AppDelegate.swift */; };
		B58CF16221B867CB00854D40 /* Main.storyboard in Resources */ = {isa = PBXBuildFile; fileRef = B58CF16021B867CB00854D40 /* Main.storyboard */; };
		B58CF16521B867CB00854D40 /* xPluka.xcdatamodeld in Sources */ = {isa = PBXBuildFile; fileRef = B58CF16321B867CB00854D40 /* xPluka.xcdatamodeld */; };
		B58CF16721B867CD00854D40 /* Assets.xcassets in Resources */ = {isa = PBXBuildFile; fileRef = B58CF16621B867CD00854D40 /* Assets.xcassets */; };
		B58CF17321B8700500854D40 /* Photo+CoreDataProperties.swift in Sources */ = {isa = PBXBuildFile; fileRef = B58CF17221B8700500854D40 /* Photo+CoreDataProperties.swift */; };
		B58CF17521B871EE00854D40 /* Photo.swift in Sources */ = {isa = PBXBuildFile; fileRef = B58CF17421B871EE00854D40 /* Photo.swift */; };
		B58CF17721B8745F00854D40 /* TouristicPlace+CoreDataProperties.swift in Sources */ = {isa = PBXBuildFile; fileRef = B58CF17621B8745F00854D40 /* TouristicPlace+CoreDataProperties.swift */; };
		B58CF17921B8748D00854D40 /* TouristicPlace.swift in Sources */ = {isa = PBXBuildFile; fileRef = B58CF17821B8748D00854D40 /* TouristicPlace.swift */; };
		B58CF17B21B8796600854D40 /* Visit.swift in Sources */ = {isa = PBXBuildFile; fileRef = B58CF17A21B8796600854D40 /* Visit.swift */; };
		B58CF17D21B87A9D00854D40 /* Visit+CoreDataProperties.swift in Sources */ = {isa = PBXBuildFile; fileRef = B58CF17C21B87A9D00854D40 /* Visit+CoreDataProperties.swift */; };
		B58CF18321B8A51D00854D40 /* xpluka_logo.png in Resources */ = {isa = PBXBuildFile; fileRef = B58CF18221B8A51D00854D40 /* xpluka_logo.png */; };
		B5B6242F21B9975B00588CE5 /* TPRegisterViewController.swift in Sources */ = {isa = PBXBuildFile; fileRef = B5B6242E21B9975B00588CE5 /* TPRegisterViewController.swift */; };
		B5B6243D21B9ADE100588CE5 /* icon_tpAdd_portrait.png in Resources */ = {isa = PBXBuildFile; fileRef = B5B6243921B9ADE000588CE5 /* icon_tpAdd_portrait.png */; };
		B5B6243E21B9ADE100588CE5 /* icon_tpVisit_landscape.png in Resources */ = {isa = PBXBuildFile; fileRef = B5B6243A21B9ADE000588CE5 /* icon_tpVisit_landscape.png */; };
		B5B6243F21B9ADE100588CE5 /* icon_tpVisit_portrait.png in Resources */ = {isa = PBXBuildFile; fileRef = B5B6243B21B9ADE000588CE5 /* icon_tpVisit_portrait.png */; };
		B5B6244021B9ADE100588CE5 /* icon_tpAdd_landscape.png in Resources */ = {isa = PBXBuildFile; fileRef = B5B6243C21B9ADE000588CE5 /* icon_tpAdd_landscape.png */; };
		B5B6244221BB275500588CE5 /* MainMapViewController.swift in Sources */ = {isa = PBXBuildFile; fileRef = B5B6244121BB275500588CE5 /* MainMapViewController.swift */; };
		B5B6244421BB31D600588CE5 /* icon_tp_setLocation.png in Resources */ = {isa = PBXBuildFile; fileRef = B5B6244321BB31D500588CE5 /* icon_tp_setLocation.png */; };
		B5B6244621BB336900588CE5 /* icon_tp_setLocation2.png in Resources */ = {isa = PBXBuildFile; fileRef = B5B6244521BB336900588CE5 /* icon_tp_setLocation2.png */; };
		B5C8AD5921CC51150099C764 /* Launch Screen.storyboard in Resources */ = {isa = PBXBuildFile; fileRef = B5C8AD5821CC51150099C764 /* Launch Screen.storyboard */; };
		B5F7DB2721C960D700374070 /* VisitsListViewController.swift in Sources */ = {isa = PBXBuildFile; fileRef = B5F7DB2621C960D700374070 /* VisitsListViewController.swift */; };
		B5F7DB2921C964FD00374070 /* VisitTableViewCell.swift in Sources */ = {isa = PBXBuildFile; fileRef = B5F7DB2821C964FD00374070 /* VisitTableViewCell.swift */; };
		B5F7DB2D21C9723400374070 /* VisitRegisterViewController.swift in Sources */ = {isa = PBXBuildFile; fileRef = B5F7DB2C21C9723400374070 /* VisitRegisterViewController.swift */; };
		B5F7DB2F21CB304000374070 /* icon_tpInfo_landscape.png in Resources */ = {isa = PBXBuildFile; fileRef = B5F7DB2E21CB304000374070 /* icon_tpInfo_landscape.png */; };
		B5F7DB3121CB307700374070 /* icon_tpInfo_portrait.png in Resources */ = {isa = PBXBuildFile; fileRef = B5F7DB3021CB307700374070 /* icon_tpInfo_portrait.png */; };
/* End PBXBuildFile section */

/* Begin PBXFileReference section */
		B528A66D21BF3AD0002B3272 /* icon_tp_setPhotoGallery.png */ = {isa = PBXFileReference; lastKnownFileType = image.png; path = icon_tp_setPhotoGallery.png; sourceTree = "<group>"; };
		B528A67021C08838002B3272 /* ViewController+Helper.swift */ = {isa = PBXFileReference; lastKnownFileType = sourcecode.swift; path = "ViewController+Helper.swift"; sourceTree = "<group>"; };
		B528A67221C08EA2002B3272 /* CoreDataStack.swift */ = {isa = PBXFileReference; lastKnownFileType = sourcecode.swift; path = CoreDataStack.swift; sourceTree = "<group>"; };
		B528A67521C32C4F002B3272 /* PhotoViewCell.swift */ = {isa = PBXFileReference; lastKnownFileType = sourcecode.swift; path = PhotoViewCell.swift; sourceTree = "<group>"; };
		B528A67721C32CBD002B3272 /* PhotoAlbumViewController.swift */ = {isa = PBXFileReference; lastKnownFileType = sourcecode.swift; path = PhotoAlbumViewController.swift; sourceTree = "<group>"; };
		B528A67921C32F1A002B3272 /* PhotosParser.swift */ = {isa = PBXFileReference; lastKnownFileType = sourcecode.swift; path = PhotosParser.swift; sourceTree = "<group>"; };
		B528A67B21C33018002B3272 /* Client.swift */ = {isa = PBXFileReference; lastKnownFileType = sourcecode.swift; path = Client.swift; sourceTree = "<group>"; };
		B528A67D21C33083002B3272 /* Client+Extension.swift */ = {isa = PBXFileReference; lastKnownFileType = sourcecode.swift; path = "Client+Extension.swift"; sourceTree = "<group>"; };
		B528A67F21C33347002B3272 /* PhotoAlbumViewController+Extension.swift */ = {isa = PBXFileReference; lastKnownFileType = sourcecode.swift; path = "PhotoAlbumViewController+Extension.swift"; sourceTree = "<group>"; };
		B528A68121C33949002B3272 /* tpStructures.swift */ = {isa = PBXFileReference; lastKnownFileType = sourcecode.swift; path = tpStructures.swift; sourceTree = "<group>"; };
		B528A68321C402C2002B3272 /* TPValidations.swift */ = {isa = PBXFileReference; lastKnownFileType = sourcecode.swift; path = TPValidations.swift; sourceTree = "<group>"; };
		B528A68721C46DAE002B3272 /* icon_tp_forest.png */ = {isa = PBXFileReference; lastKnownFileType = image.png; path = icon_tp_forest.png; sourceTree = "<group>"; };
		B528A68921C46E09002B3272 /* icon_tp_beach.png */ = {isa = PBXFileReference; lastKnownFileType = image.png; path = icon_tp_beach.png; sourceTree = "<group>"; };
		B528A68B21C46E30002B3272 /* icon_tp_mountain.png */ = {isa = PBXFileReference; lastKnownFileType = image.png; path = icon_tp_mountain.png; sourceTree = "<group>"; };
		B528A68D21C47151002B3272 /* icon_tp_lake.png */ = {isa = PBXFileReference; lastKnownFileType = image.png; path = icon_tp_lake.png; sourceTree = "<group>"; };
		B528A68F21C485A6002B3272 /* icon_tp_trash.png */ = {isa = PBXFileReference; lastKnownFileType = image.png; path = icon_tp_trash.png; sourceTree = "<group>"; };
		B58CF15921B867CB00854D40 /* xPluka.app */ = {isa = PBXFileReference; explicitFileType = wrapper.application; includeInIndex = 0; path = xPluka.app; sourceTree = BUILT_PRODUCTS_DIR; };
		B58CF15C21B867CB00854D40 /* AppDelegate.swift */ = {isa = PBXFileReference; lastKnownFileType = sourcecode.swift; path = AppDelegate.swift; sourceTree = "<group>"; };
		B58CF16121B867CB00854D40 /* Base */ = {isa = PBXFileReference; lastKnownFileType = file.storyboard; name = Base; path = Base.lproj/Main.storyboard; sourceTree = "<group>"; };
		B58CF16421B867CB00854D40 /* xPluka.xcdatamodel */ = {isa = PBXFileReference; lastKnownFileType = wrapper.xcdatamodel; path = xPluka.xcdatamodel; sourceTree = "<group>"; };
		B58CF16621B867CD00854D40 /* Assets.xcassets */ = {isa = PBXFileReference; lastKnownFileType = folder.assetcatalog; path = Assets.xcassets; sourceTree = "<group>"; };
		B58CF16B21B867CD00854D40 /* Info.plist */ = {isa = PBXFileReference; lastKnownFileType = text.plist.xml; path = Info.plist; sourceTree = "<group>"; };
		B58CF17221B8700500854D40 /* Photo+CoreDataProperties.swift */ = {isa = PBXFileReference; lastKnownFileType = sourcecode.swift; path = "Photo+CoreDataProperties.swift"; sourceTree = "<group>"; };
		B58CF17421B871EE00854D40 /* Photo.swift */ = {isa = PBXFileReference; lastKnownFileType = sourcecode.swift; path = Photo.swift; sourceTree = "<group>"; };
		B58CF17621B8745F00854D40 /* TouristicPlace+CoreDataProperties.swift */ = {isa = PBXFileReference; lastKnownFileType = sourcecode.swift; path = "TouristicPlace+CoreDataProperties.swift"; sourceTree = "<group>"; };
		B58CF17821B8748D00854D40 /* TouristicPlace.swift */ = {isa = PBXFileReference; lastKnownFileType = sourcecode.swift; path = TouristicPlace.swift; sourceTree = "<group>"; };
		B58CF17A21B8796600854D40 /* Visit.swift */ = {isa = PBXFileReference; lastKnownFileType = sourcecode.swift; path = Visit.swift; sourceTree = "<group>"; };
		B58CF17C21B87A9D00854D40 /* Visit+CoreDataProperties.swift */ = {isa = PBXFileReference; lastKnownFileType = sourcecode.swift; path = "Visit+CoreDataProperties.swift"; sourceTree = "<group>"; };
		B58CF18221B8A51D00854D40 /* xpluka_logo.png */ = {isa = PBXFileReference; lastKnownFileType = image.png; path = xpluka_logo.png; sourceTree = "<group>"; };
		B5B6242E21B9975B00588CE5 /* TPRegisterViewController.swift */ = {isa = PBXFileReference; lastKnownFileType = sourcecode.swift; path = TPRegisterViewController.swift; sourceTree = "<group>"; };
		B5B6243921B9ADE000588CE5 /* icon_tpAdd_portrait.png */ = {isa = PBXFileReference; lastKnownFileType = image.png; path = icon_tpAdd_portrait.png; sourceTree = "<group>"; };
		B5B6243A21B9ADE000588CE5 /* icon_tpVisit_landscape.png */ = {isa = PBXFileReference; lastKnownFileType = image.png; path = icon_tpVisit_landscape.png; sourceTree = "<group>"; };
		B5B6243B21B9ADE000588CE5 /* icon_tpVisit_portrait.png */ = {isa = PBXFileReference; lastKnownFileType = image.png; path = icon_tpVisit_portrait.png; sourceTree = "<group>"; };
		B5B6243C21B9ADE000588CE5 /* icon_tpAdd_landscape.png */ = {isa = PBXFileReference; lastKnownFileType = image.png; path = icon_tpAdd_landscape.png; sourceTree = "<group>"; };
		B5B6244121BB275500588CE5 /* MainMapViewController.swift */ = {isa = PBXFileReference; lastKnownFileType = sourcecode.swift; path = MainMapViewController.swift; sourceTree = "<group>"; };
		B5B6244321BB31D500588CE5 /* icon_tp_setLocation.png */ = {isa = PBXFileReference; lastKnownFileType = image.png; path = icon_tp_setLocation.png; sourceTree = "<group>"; };
		B5B6244521BB336900588CE5 /* icon_tp_setLocation2.png */ = {isa = PBXFileReference; lastKnownFileType = image.png; path = icon_tp_setLocation2.png; sourceTree = "<group>"; };
		B5C8AD5821CC51150099C764 /* Launch Screen.storyboard */ = {isa = PBXFileReference; lastKnownFileType = file.storyboard; path = "Launch Screen.storyboard"; sourceTree = "<group>"; };
		B5F7DB2621C960D700374070 /* VisitsListViewController.swift */ = {isa = PBXFileReference; lastKnownFileType = sourcecode.swift; path = VisitsListViewController.swift; sourceTree = "<group>"; };
		B5F7DB2821C964FD00374070 /* VisitTableViewCell.swift */ = {isa = PBXFileReference; lastKnownFileType = sourcecode.swift; path = VisitTableViewCell.swift; sourceTree = "<group>"; };
		B5F7DB2C21C9723400374070 /* VisitRegisterViewController.swift */ = {isa = PBXFileReference; lastKnownFileType = sourcecode.swift; path = VisitRegisterViewController.swift; sourceTree = "<group>"; };
		B5F7DB2E21CB304000374070 /* icon_tpInfo_landscape.png */ = {isa = PBXFileReference; lastKnownFileType = image.png; path = icon_tpInfo_landscape.png; sourceTree = "<group>"; };
		B5F7DB3021CB307700374070 /* icon_tpInfo_portrait.png */ = {isa = PBXFileReference; lastKnownFileType = image.png; path = icon_tpInfo_portrait.png; sourceTree = "<group>"; };
/* End PBXFileReference section */

/* Begin PBXFrameworksBuildPhase section */
		B58CF15621B867CB00854D40 /* Frameworks */ = {
			isa = PBXFrameworksBuildPhase;
			buildActionMask = 2147483647;
			files = (
			);
			runOnlyForDeploymentPostprocessing = 0;
		};
/* End PBXFrameworksBuildPhase section */

/* Begin PBXGroup section */
		B528A66F21C087F8002B3272 /* Helpers */ = {
			isa = PBXGroup;
			children = (
				B528A67021C08838002B3272 /* ViewController+Helper.swift */,
				B528A67221C08EA2002B3272 /* CoreDataStack.swift */,
				B528A67B21C33018002B3272 /* Client.swift */,
				B528A67D21C33083002B3272 /* Client+Extension.swift */,
				B528A68121C33949002B3272 /* tpStructures.swift */,
				B528A68321C402C2002B3272 /* TPValidations.swift */,
			);
			path = Helpers;
			sourceTree = "<group>";
		};
		B528A67421C32C2B002B3272 /* CustomViewCell */ = {
			isa = PBXGroup;
			children = (
				B528A67521C32C4F002B3272 /* PhotoViewCell.swift */,
				B5F7DB2821C964FD00374070 /* VisitTableViewCell.swift */,
			);
			path = CustomViewCell;
			sourceTree = "<group>";
		};
		B58CF15021B867CB00854D40 = {
			isa = PBXGroup;
			children = (
				B58CF15B21B867CB00854D40 /* xPluka */,
				B58CF15A21B867CB00854D40 /* Products */,
			);
			sourceTree = "<group>";
		};
		B58CF15A21B867CB00854D40 /* Products */ = {
			isa = PBXGroup;
			children = (
				B58CF15921B867CB00854D40 /* xPluka.app */,
			);
			name = Products;
			sourceTree = "<group>";
		};
		B58CF15B21B867CB00854D40 /* xPluka */ = {
			isa = PBXGroup;
			children = (
				B528A67421C32C2B002B3272 /* CustomViewCell */,
				B528A66F21C087F8002B3272 /* Helpers */,
				B5B6243021B99A3A00588CE5 /* Icons */,
				B5B6242D21B9971B00588CE5 /* View Controllers */,
				B58CF17121B86FC600854D40 /* Model Entity */,
				B58CF15C21B867CB00854D40 /* AppDelegate.swift */,
				B58CF16021B867CB00854D40 /* Main.storyboard */,
				B58CF16621B867CD00854D40 /* Assets.xcassets */,
				B5C8AD5821CC51150099C764 /* Launch Screen.storyboard */,
				B58CF18221B8A51D00854D40 /* xpluka_logo.png */,
				B58CF16B21B867CD00854D40 /* Info.plist */,
				B58CF16321B867CB00854D40 /* xPluka.xcdatamodeld */,
			);
			path = xPluka;
			sourceTree = "<group>";
		};
		B58CF17121B86FC600854D40 /* Model Entity */ = {
			isa = PBXGroup;
			children = (
				B58CF17221B8700500854D40 /* Photo+CoreDataProperties.swift */,
				B58CF17421B871EE00854D40 /* Photo.swift */,
				B58CF17621B8745F00854D40 /* TouristicPlace+CoreDataProperties.swift */,
				B58CF17821B8748D00854D40 /* TouristicPlace.swift */,
				B58CF17A21B8796600854D40 /* Visit.swift */,
				B58CF17C21B87A9D00854D40 /* Visit+CoreDataProperties.swift */,
				B528A67921C32F1A002B3272 /* PhotosParser.swift */,
			);
			path = "Model Entity";
			sourceTree = "<group>";
		};
		B5B6242D21B9971B00588CE5 /* View Controllers */ = {
			isa = PBXGroup;
			children = (
				B5B6242E21B9975B00588CE5 /* TPRegisterViewController.swift */,
				B5B6244121BB275500588CE5 /* MainMapViewController.swift */,
				B528A67721C32CBD002B3272 /* PhotoAlbumViewController.swift */,
				B528A67F21C33347002B3272 /* PhotoAlbumViewController+Extension.swift */,
				B5F7DB2621C960D700374070 /* VisitsListViewController.swift */,
				B5F7DB2C21C9723400374070 /* VisitRegisterViewController.swift */,
			);
			path = "View Controllers";
			sourceTree = "<group>";
		};
		B5B6243021B99A3A00588CE5 /* Icons */ = {
			isa = PBXGroup;
			children = (
				B528A68F21C485A6002B3272 /* icon_tp_trash.png */,
				B528A68D21C47151002B3272 /* icon_tp_lake.png */,
				B528A68B21C46E30002B3272 /* icon_tp_mountain.png */,
				B5F7DB2E21CB304000374070 /* icon_tpInfo_landscape.png */,
				B5F7DB3021CB307700374070 /* icon_tpInfo_portrait.png */,
				B528A68921C46E09002B3272 /* icon_tp_beach.png */,
				B528A68721C46DAE002B3272 /* icon_tp_forest.png */,
				B528A66D21BF3AD0002B3272 /* icon_tp_setPhotoGallery.png */,
				B5B6244521BB336900588CE5 /* icon_tp_setLocation2.png */,
				B5B6244321BB31D500588CE5 /* icon_tp_setLocation.png */,
				B5B6243C21B9ADE000588CE5 /* icon_tpAdd_landscape.png */,
				B5B6243921B9ADE000588CE5 /* icon_tpAdd_portrait.png */,
				B5B6243A21B9ADE000588CE5 /* icon_tpVisit_landscape.png */,
				B5B6243B21B9ADE000588CE5 /* icon_tpVisit_portrait.png */,
			);
			path = Icons;
			sourceTree = "<group>";
		};
/* End PBXGroup section */

/* Begin PBXNativeTarget section */
		B58CF15821B867CB00854D40 /* xPluka */ = {
			isa = PBXNativeTarget;
			buildConfigurationList = B58CF16E21B867CD00854D40 /* Build configuration list for PBXNativeTarget "xPluka" */;
			buildPhases = (
				B58CF15521B867CB00854D40 /* Sources */,
				B58CF15621B867CB00854D40 /* Frameworks */,
				B58CF15721B867CB00854D40 /* Resources */,
			);
			buildRules = (
			);
			dependencies = (
			);
			name = xPluka;
			productName = xPluka;
			productReference = B58CF15921B867CB00854D40 /* xPluka.app */;
			productType = "com.apple.product-type.application";
		};
/* End PBXNativeTarget section */

/* Begin PBXProject section */
		B58CF15121B867CB00854D40 /* Project object */ = {
			isa = PBXProject;
			attributes = {
				LastSwiftUpdateCheck = 0940;
				LastUpgradeCheck = 0940;
				ORGANIZATIONNAME = Inalambrilk;
				TargetAttributes = {
					B58CF15821B867CB00854D40 = {
						CreatedOnToolsVersion = 9.4.1;
					};
				};
			};
			buildConfigurationList = B58CF15421B867CB00854D40 /* Build configuration list for PBXProject "xPluka" */;
			compatibilityVersion = "Xcode 9.3";
			developmentRegion = en;
			hasScannedForEncodings = 0;
			knownRegions = (
				en,
				Base,
			);
			mainGroup = B58CF15021B867CB00854D40;
			productRefGroup = B58CF15A21B867CB00854D40 /* Products */;
			projectDirPath = "";
			projectRoot = "";
			targets = (
				B58CF15821B867CB00854D40 /* xPluka */,
			);
		};
/* End PBXProject section */

/* Begin PBXResourcesBuildPhase section */
		B58CF15721B867CB00854D40 /* Resources */ = {
			isa = PBXResourcesBuildPhase;
			buildActionMask = 2147483647;
			files = (
				B528A69021C485A6002B3272 /* icon_tp_trash.png in Resources */,
				B5B6243F21B9ADE100588CE5 /* icon_tpVisit_portrait.png in Resources */,
				B5B6244021B9ADE100588CE5 /* icon_tpAdd_landscape.png in Resources */,
				B528A68A21C46E09002B3272 /* icon_tp_beach.png in Resources */,
				B5B6244421BB31D600588CE5 /* icon_tp_setLocation.png in Resources */,
				B528A68C21C46E30002B3272 /* icon_tp_mountain.png in Resources */,
				B58CF16721B867CD00854D40 /* Assets.xcassets in Resources */,
				B5B6244621BB336900588CE5 /* icon_tp_setLocation2.png in Resources */,
				B5F7DB3121CB307700374070 /* icon_tpInfo_portrait.png in Resources */,
				B528A68E21C47151002B3272 /* icon_tp_lake.png in Resources */,
				B58CF16221B867CB00854D40 /* Main.storyboard in Resources */,
				B528A68821C46DAF002B3272 /* icon_tp_forest.png in Resources */,
				B5C8AD5921CC51150099C764 /* Launch Screen.storyboard in Resources */,
				B5B6243D21B9ADE100588CE5 /* icon_tpAdd_portrait.png in Resources */,
				B5B6243E21B9ADE100588CE5 /* icon_tpVisit_landscape.png in Resources */,
				B528A66E21BF3AD0002B3272 /* icon_tp_setPhotoGallery.png in Resources */,
				B5F7DB2F21CB304000374070 /* icon_tpInfo_landscape.png in Resources */,
				B58CF18321B8A51D00854D40 /* xpluka_logo.png in Resources */,
			);
			runOnlyForDeploymentPostprocessing = 0;
		};
/* End PBXResourcesBuildPhase section */

/* Begin PBXSourcesBuildPhase section */
		B58CF15521B867CB00854D40 /* Sources */ = {
			isa = PBXSourcesBuildPhase;
			buildActionMask = 2147483647;
			files = (
				B5B6242F21B9975B00588CE5 /* TPRegisterViewController.swift in Sources */,
				B528A67621C32C4F002B3272 /* PhotoViewCell.swift in Sources */,
				B5F7DB2721C960D700374070 /* VisitsListViewController.swift in Sources */,
				B5F7DB2921C964FD00374070 /* VisitTableViewCell.swift in Sources */,
				B58CF17721B8745F00854D40 /* TouristicPlace+CoreDataProperties.swift in Sources */,
				B528A68421C402C2002B3272 /* TPValidations.swift in Sources */,
				B58CF16521B867CB00854D40 /* xPluka.xcdatamodeld in Sources */,
				B528A68021C33347002B3272 /* PhotoAlbumViewController+Extension.swift in Sources */,
				B528A68221C33949002B3272 /* tpStructures.swift in Sources */,
				B58CF17921B8748D00854D40 /* TouristicPlace.swift in Sources */,
				B58CF17D21B87A9D00854D40 /* Visit+CoreDataProperties.swift in Sources */,
				B528A67A21C32F1A002B3272 /* PhotosParser.swift in Sources */,
				B528A67E21C33083002B3272 /* Client+Extension.swift in Sources */,
				B528A67321C08EA2002B3272 /* CoreDataStack.swift in Sources */,
				B528A67821C32CBD002B3272 /* PhotoAlbumViewController.swift in Sources */,
				B58CF17321B8700500854D40 /* Photo+CoreDataProperties.swift in Sources */,
				B528A67C21C33018002B3272 /* Client.swift in Sources */,
				B58CF17B21B8796600854D40 /* Visit.swift in Sources */,
				B528A67121C08838002B3272 /* ViewController+Helper.swift in Sources */,
				B58CF15D21B867CB00854D40 /* AppDelegate.swift in Sources */,
				B5F7DB2D21C9723400374070 /* VisitRegisterViewController.swift in Sources */,
				B58CF17521B871EE00854D40 /* Photo.swift in Sources */,
				B5B6244221BB275500588CE5 /* MainMapViewController.swift in Sources */,
			);
			runOnlyForDeploymentPostprocessing = 0;
		};
/* End PBXSourcesBuildPhase section */

/* Begin PBXVariantGroup section */
		B58CF16021B867CB00854D40 /* Main.storyboard */ = {
			isa = PBXVariantGroup;
			children = (
				B58CF16121B867CB00854D40 /* Base */,
			);
			name = Main.storyboard;
			sourceTree = "<group>";
		};
/* End PBXVariantGroup section */

/* Begin XCBuildConfiguration section */
		B58CF16C21B867CD00854D40 /* Debug */ = {
			isa = XCBuildConfiguration;
			buildSettings = {
				ALWAYS_SEARCH_USER_PATHS = NO;
				CLANG_ANALYZER_NONNULL = YES;
				CLANG_ANALYZER_NUMBER_OBJECT_CONVERSION = YES_AGGRESSIVE;
				CLANG_CXX_LANGUAGE_STANDARD = "gnu++14";
				CLANG_CXX_LIBRARY = "libc++";
				CLANG_ENABLE_MODULES = YES;
				CLANG_ENABLE_OBJC_ARC = YES;
				CLANG_ENABLE_OBJC_WEAK = YES;
				CLANG_WARN_BLOCK_CAPTURE_AUTORELEASING = YES;
				CLANG_WARN_BOOL_CONVERSION = YES;
				CLANG_WARN_COMMA = YES;
				CLANG_WARN_CONSTANT_CONVERSION = YES;
				CLANG_WARN_DEPRECATED_OBJC_IMPLEMENTATIONS = YES;
				CLANG_WARN_DIRECT_OBJC_ISA_USAGE = YES_ERROR;
				CLANG_WARN_DOCUMENTATION_COMMENTS = YES;
				CLANG_WARN_EMPTY_BODY = YES;
				CLANG_WARN_ENUM_CONVERSION = YES;
				CLANG_WARN_INFINITE_RECURSION = YES;
				CLANG_WARN_INT_CONVERSION = YES;
				CLANG_WARN_NON_LITERAL_NULL_CONVERSION = YES;
				CLANG_WARN_OBJC_IMPLICIT_RETAIN_SELF = YES;
				CLANG_WARN_OBJC_LITERAL_CONVERSION = YES;
				CLANG_WARN_OBJC_ROOT_CLASS = YES_ERROR;
				CLANG_WARN_RANGE_LOOP_ANALYSIS = YES;
				CLANG_WARN_STRICT_PROTOTYPES = YES;
				CLANG_WARN_SUSPICIOUS_MOVE = YES;
				CLANG_WARN_UNGUARDED_AVAILABILITY = YES_AGGRESSIVE;
				CLANG_WARN_UNREACHABLE_CODE = YES;
				CLANG_WARN__DUPLICATE_METHOD_MATCH = YES;
				CODE_SIGN_IDENTITY = "iPhone Developer";
				COPY_PHASE_STRIP = NO;
				DEBUG_INFORMATION_FORMAT = dwarf;
				ENABLE_STRICT_OBJC_MSGSEND = YES;
				ENABLE_TESTABILITY = YES;
				GCC_C_LANGUAGE_STANDARD = gnu11;
				GCC_DYNAMIC_NO_PIC = NO;
				GCC_NO_COMMON_BLOCKS = YES;
				GCC_OPTIMIZATION_LEVEL = 0;
				GCC_PREPROCESSOR_DEFINITIONS = (
					"DEBUG=1",
					"$(inherited)",
				);
				GCC_WARN_64_TO_32_BIT_CONVERSION = YES;
				GCC_WARN_ABOUT_RETURN_TYPE = YES_ERROR;
				GCC_WARN_UNDECLARED_SELECTOR = YES;
				GCC_WARN_UNINITIALIZED_AUTOS = YES_AGGRESSIVE;
				GCC_WARN_UNUSED_FUNCTION = YES;
				GCC_WARN_UNUSED_VARIABLE = YES;
				IPHONEOS_DEPLOYMENT_TARGET = 11.4;
				MTL_ENABLE_DEBUG_INFO = YES;
				ONLY_ACTIVE_ARCH = YES;
				SDKROOT = iphoneos;
				SWIFT_ACTIVE_COMPILATION_CONDITIONS = DEBUG;
				SWIFT_OPTIMIZATION_LEVEL = "-Onone";
			};
			name = Debug;
		};
		B58CF16D21B867CD00854D40 /* Release */ = {
			isa = XCBuildConfiguration;
			buildSettings = {
				ALWAYS_SEARCH_USER_PATHS = NO;
				CLANG_ANALYZER_NONNULL = YES;
				CLANG_ANALYZER_NUMBER_OBJECT_CONVERSION = YES_AGGRESSIVE;
				CLANG_CXX_LANGUAGE_STANDARD = "gnu++14";
				CLANG_CXX_LIBRARY = "libc++";
				CLANG_ENABLE_MODULES = YES;
				CLANG_ENABLE_OBJC_ARC = YES;
				CLANG_ENABLE_OBJC_WEAK = YES;
				CLANG_WARN_BLOCK_CAPTURE_AUTORELEASING = YES;
				CLANG_WARN_BOOL_CONVERSION = YES;
				CLANG_WARN_COMMA = YES;
				CLANG_WARN_CONSTANT_CONVERSION = YES;
				CLANG_WARN_DEPRECATED_OBJC_IMPLEMENTATIONS = YES;
				CLANG_WARN_DIRECT_OBJC_ISA_USAGE = YES_ERROR;
				CLANG_WARN_DOCUMENTATION_COMMENTS = YES;
				CLANG_WARN_EMPTY_BODY = YES;
				CLANG_WARN_ENUM_CONVERSION = YES;
				CLANG_WARN_INFINITE_RECURSION = YES;
				CLANG_WARN_INT_CONVERSION = YES;
				CLANG_WARN_NON_LITERAL_NULL_CONVERSION = YES;
				CLANG_WARN_OBJC_IMPLICIT_RETAIN_SELF = YES;
				CLANG_WARN_OBJC_LITERAL_CONVERSION = YES;
				CLANG_WARN_OBJC_ROOT_CLASS = YES_ERROR;
				CLANG_WARN_RANGE_LOOP_ANALYSIS = YES;
				CLANG_WARN_STRICT_PROTOTYPES = YES;
				CLANG_WARN_SUSPICIOUS_MOVE = YES;
				CLANG_WARN_UNGUARDED_AVAILABILITY = YES_AGGRESSIVE;
				CLANG_WARN_UNREACHABLE_CODE = YES;
				CLANG_WARN__DUPLICATE_METHOD_MATCH = YES;
				CODE_SIGN_IDENTITY = "iPhone Developer";
				COPY_PHASE_STRIP = NO;
				DEBUG_INFORMATION_FORMAT = "dwarf-with-dsym";
				ENABLE_NS_ASSERTIONS = NO;
				ENABLE_STRICT_OBJC_MSGSEND = YES;
				GCC_C_LANGUAGE_STANDARD = gnu11;
				GCC_NO_COMMON_BLOCKS = YES;
				GCC_WARN_64_TO_32_BIT_CONVERSION = YES;
				GCC_WARN_ABOUT_RETURN_TYPE = YES_ERROR;
				GCC_WARN_UNDECLARED_SELECTOR = YES;
				GCC_WARN_UNINITIALIZED_AUTOS = YES_AGGRESSIVE;
				GCC_WARN_UNUSED_FUNCTION = YES;
				GCC_WARN_UNUSED_VARIABLE = YES;
				IPHONEOS_DEPLOYMENT_TARGET = 11.4;
				MTL_ENABLE_DEBUG_INFO = NO;
				SDKROOT = iphoneos;
				SWIFT_COMPILATION_MODE = wholemodule;
				SWIFT_OPTIMIZATION_LEVEL = "-O";
				VALIDATE_PRODUCT = YES;
			};
			name = Release;
		};
		B58CF16F21B867CD00854D40 /* Debug */ = {
			isa = XCBuildConfiguration;
			buildSettings = {
				ASSETCATALOG_COMPILER_APPICON_NAME = AppIcon;
				CODE_SIGN_STYLE = Automatic;
				DEVELOPMENT_TEAM = 973ZT8Y397;
				INFOPLIST_FILE = xPluka/Info.plist;
				LD_RUNPATH_SEARCH_PATHS = (
					"$(inherited)",
					"@executable_path/Frameworks",
				);
				PRODUCT_BUNDLE_IDENTIFIER = com.udacity.project5.xPluka;
				PRODUCT_NAME = "$(TARGET_NAME)";
				SWIFT_VERSION = 4.0;
				TARGETED_DEVICE_FAMILY = "1,2";
			};
			name = Debug;
		};
		B58CF17021B867CD00854D40 /* Release */ = {
			isa = XCBuildConfiguration;
			buildSettings = {
				ASSETCATALOG_COMPILER_APPICON_NAME = AppIcon;
				CODE_SIGN_STYLE = Automatic;
				DEVELOPMENT_TEAM = 973ZT8Y397;
				INFOPLIST_FILE = xPluka/Info.plist;
				LD_RUNPATH_SEARCH_PATHS = (
					"$(inherited)",
					"@executable_path/Frameworks",
				);
				PRODUCT_BUNDLE_IDENTIFIER = com.udacity.project5.xPluka;
				PRODUCT_NAME = "$(TARGET_NAME)";
				SWIFT_VERSION = 4.0;
				TARGETED_DEVICE_FAMILY = "1,2";
			};
			name = Release;
		};
/* End XCBuildConfiguration section */

/* Begin XCConfigurationList section */
		B58CF15421B867CB00854D40 /* Build configuration list for PBXProject "xPluka" */ = {
			isa = XCConfigurationList;
			buildConfigurations = (
				B58CF16C21B867CD00854D40 /* Debug */,
				B58CF16D21B867CD00854D40 /* Release */,
			);
			defaultConfigurationIsVisible = 0;
			defaultConfigurationName = Release;
		};
		B58CF16E21B867CD00854D40 /* Build configuration list for PBXNativeTarget "xPluka" */ = {
			isa = XCConfigurationList;
			buildConfigurations = (
				B58CF16F21B867CD00854D40 /* Debug */,
				B58CF17021B867CD00854D40 /* Release */,
			);
			defaultConfigurationIsVisible = 0;
			defaultConfigurationName = Release;
		};
/* End XCConfigurationList section */

/* Begin XCVersionGroup section */
		B58CF16321B867CB00854D40 /* xPluka.xcdatamodeld */ = {
			isa = XCVersionGroup;
			children = (
				B58CF16421B867CB00854D40 /* xPluka.xcdatamodel */,
			);
			currentVersion = B58CF16421B867CB00854D40 /* xPluka.xcdatamodel */;
			path = xPluka.xcdatamodeld;
			sourceTree = "<group>";
			versionGroupType = wrapper.xcdatamodel;
		};
/* End XCVersionGroup section */
	};
	rootObject = B58CF15121B867CB00854D40 /* Project object */;
}
